
Microsoft Visual Studio Solution File, Format Version 12.00
# Visual Studio Version 17
VisualStudioVersion = 17.14.36429.23 d17.14
MinimumVisualStudioVersion = 10.0.40219.1
Project("{2150E333-8FDC-42A3-9474-1A3956D46DE8}") = "src", "src", "{827E0CD3-B72D-47B6-A68D-7590B98EB39B}"
EndProject
Project("{FAE04EC0-301F-11D3-BF4B-00C04F79EFBC}") = "OGS", "src\OGS\OGS.csproj", "{29671700-63FE-470F-BC2B-097777E014C1}"
EndProject
Project("{FAE04EC0-301F-11D3-BF4B-00C04F79EFBC}") = "OGS.Core", "src\OGS.Core\OGS.Core.csproj", "{09C6B81E-4EE9-471A-9AD8-33400DD1861C}"
EndProject
Project("{FAE04EC0-301F-11D3-BF4B-00C04F79EFBC}") = "OGS.Windows", "src\OGS.Windows\OGS.Windows.csproj", "{A3689E92-7A54-4F97-B4C8-853AAF38B2CA}"
EndProject
Project("{FAE04EC0-301F-11D3-BF4B-00C04F79EFBC}") = "OGS.Windows.HookLib", "src\OGS.Windows.HookLib\OGS.Windows.HookLib.csproj", "{C324DE97-955E-499B-BD23-E70388A28AE7}"
EndProject
Project("{FAE04EC0-301F-11D3-BF4B-00C04F79EFBC}") = "OGS.Windows.HookShared", "src\OGS.Windows.HookShared\OGS.Windows.HookShared.csproj", "{7B4FC3B0-4FC0-4F98-8304-611B59DB79AD}"
EndProject
Project("{FAE04EC0-301F-11D3-BF4B-00C04F79EFBC}") = "OGS.Client.Desktop", "src\OGS.Client.Desktop\OGS.Client.Desktop.csproj", "{F20A8495-BE3D-4D11-B4B8-52A59F5322C0}"
EndProject
Global
	GlobalSection(SolutionConfigurationPlatforms) = preSolution
		Debug|Any CPU = Debug|Any CPU
		Debug|x64 = Debug|x64
		Debug|x86 = Debug|x86
		Release|Any CPU = Release|Any CPU
		Release|x64 = Release|x64
		Release|x86 = Release|x86
	EndGlobalSection
	GlobalSection(ProjectConfigurationPlatforms) = postSolution
		{29671700-63FE-470F-BC2B-097777E014C1}.Debug|Any CPU.ActiveCfg = Debug|Any CPU
		{29671700-63FE-470F-BC2B-097777E014C1}.Debug|Any CPU.Build.0 = Debug|Any CPU
		{29671700-63FE-470F-BC2B-097777E014C1}.Debug|x64.ActiveCfg = Debug|Any CPU
		{29671700-63FE-470F-BC2B-097777E014C1}.Debug|x64.Build.0 = Debug|Any CPU
		{29671700-63FE-470F-BC2B-097777E014C1}.Debug|x86.ActiveCfg = Debug|Any CPU
		{29671700-63FE-470F-BC2B-097777E014C1}.Debug|x86.Build.0 = Debug|Any CPU
		{29671700-63FE-470F-BC2B-097777E014C1}.Release|Any CPU.ActiveCfg = Release|Any CPU
		{29671700-63FE-470F-BC2B-097777E014C1}.Release|Any CPU.Build.0 = Release|Any CPU
		{29671700-63FE-470F-BC2B-097777E014C1}.Release|x64.ActiveCfg = Release|Any CPU
		{29671700-63FE-470F-BC2B-097777E014C1}.Release|x64.Build.0 = Release|Any CPU
		{29671700-63FE-470F-BC2B-097777E014C1}.Release|x86.ActiveCfg = Release|Any CPU
		{29671700-63FE-470F-BC2B-097777E014C1}.Release|x86.Build.0 = Release|Any CPU
		{09C6B81E-4EE9-471A-9AD8-33400DD1861C}.Debug|Any CPU.ActiveCfg = Debug|Any CPU
		{09C6B81E-4EE9-471A-9AD8-33400DD1861C}.Debug|Any CPU.Build.0 = Debug|Any CPU
		{09C6B81E-4EE9-471A-9AD8-33400DD1861C}.Debug|x64.ActiveCfg = Debug|Any CPU
		{09C6B81E-4EE9-471A-9AD8-33400DD1861C}.Debug|x64.Build.0 = Debug|Any CPU
		{09C6B81E-4EE9-471A-9AD8-33400DD1861C}.Debug|x86.ActiveCfg = Debug|Any CPU
		{09C6B81E-4EE9-471A-9AD8-33400DD1861C}.Debug|x86.Build.0 = Debug|Any CPU
		{09C6B81E-4EE9-471A-9AD8-33400DD1861C}.Release|Any CPU.ActiveCfg = Release|Any CPU
		{09C6B81E-4EE9-471A-9AD8-33400DD1861C}.Release|Any CPU.Build.0 = Release|Any CPU
		{09C6B81E-4EE9-471A-9AD8-33400DD1861C}.Release|x64.ActiveCfg = Release|Any CPU
		{09C6B81E-4EE9-471A-9AD8-33400DD1861C}.Release|x64.Build.0 = Release|Any CPU
		{09C6B81E-4EE9-471A-9AD8-33400DD1861C}.Release|x86.ActiveCfg = Release|Any CPU
		{09C6B81E-4EE9-471A-9AD8-33400DD1861C}.Release|x86.Build.0 = Release|Any CPU
		{A3689E92-7A54-4F97-B4C8-853AAF38B2CA}.Debug|Any CPU.ActiveCfg = Debug|Any CPU
		{A3689E92-7A54-4F97-B4C8-853AAF38B2CA}.Debug|Any CPU.Build.0 = Debug|Any CPU
		{A3689E92-7A54-4F97-B4C8-853AAF38B2CA}.Debug|x64.ActiveCfg = Debug|Any CPU
		{A3689E92-7A54-4F97-B4C8-853AAF38B2CA}.Debug|x64.Build.0 = Debug|Any CPU
		{A3689E92-7A54-4F97-B4C8-853AAF38B2CA}.Debug|x86.ActiveCfg = Debug|Any CPU
		{A3689E92-7A54-4F97-B4C8-853AAF38B2CA}.Debug|x86.Build.0 = Debug|Any CPU
		{A3689E92-7A54-4F97-B4C8-853AAF38B2CA}.Release|Any CPU.ActiveCfg = Release|Any CPU
		{A3689E92-7A54-4F97-B4C8-853AAF38B2CA}.Release|Any CPU.Build.0 = Release|Any CPU
		{A3689E92-7A54-4F97-B4C8-853AAF38B2CA}.Release|x64.ActiveCfg = Release|Any CPU
		{A3689E92-7A54-4F97-B4C8-853AAF38B2CA}.Release|x64.Build.0 = Release|Any CPU
		{A3689E92-7A54-4F97-B4C8-853AAF38B2CA}.Release|x86.ActiveCfg = Release|Any CPU
		{A3689E92-7A54-4F97-B4C8-853AAF38B2CA}.Release|x86.Build.0 = Release|Any CPU
		{C324DE97-955E-499B-BD23-E70388A28AE7}.Debug|Any CPU.ActiveCfg = Debug|Any CPU
		{C324DE97-955E-499B-BD23-E70388A28AE7}.Debug|Any CPU.Build.0 = Debug|Any CPU
		{C324DE97-955E-499B-BD23-E70388A28AE7}.Debug|x64.ActiveCfg = Debug|Any CPU
		{C324DE97-955E-499B-BD23-E70388A28AE7}.Debug|x64.Build.0 = Debug|Any CPU
		{C324DE97-955E-499B-BD23-E70388A28AE7}.Debug|x86.ActiveCfg = Debug|Any CPU
		{C324DE97-955E-499B-BD23-E70388A28AE7}.Debug|x86.Build.0 = Debug|Any CPU
		{C324DE97-955E-499B-BD23-E70388A28AE7}.Release|Any CPU.ActiveCfg = Release|Any CPU
		{C324DE97-955E-499B-BD23-E70388A28AE7}.Release|Any CPU.Build.0 = Release|Any CPU
		{C324DE97-955E-499B-BD23-E70388A28AE7}.Release|x64.ActiveCfg = Release|Any CPU
		{C324DE97-955E-499B-BD23-E70388A28AE7}.Release|x64.Build.0 = Release|Any CPU
		{C324DE97-955E-499B-BD23-E70388A28AE7}.Release|x86.ActiveCfg = Release|Any CPU
		{C324DE97-955E-499B-BD23-E70388A28AE7}.Release|x86.Build.0 = Release|Any CPU
		{7B4FC3B0-4FC0-4F98-8304-611B59DB79AD}.Debug|Any CPU.ActiveCfg = Debug|Any CPU
		{7B4FC3B0-4FC0-4F98-8304-611B59DB79AD}.Debug|Any CPU.Build.0 = Debug|Any CPU
		{7B4FC3B0-4FC0-4F98-8304-611B59DB79AD}.Debug|x64.ActiveCfg = Debug|Any CPU
		{7B4FC3B0-4FC0-4F98-8304-611B59DB79AD}.Debug|x64.Build.0 = Debug|Any CPU
		{7B4FC3B0-4FC0-4F98-8304-611B59DB79AD}.Debug|x86.ActiveCfg = Debug|Any CPU
		{7B4FC3B0-4FC0-4F98-8304-611B59DB79AD}.Debug|x86.Build.0 = Debug|Any CPU
		{7B4FC3B0-4FC0-4F98-8304-611B59DB79AD}.Release|Any CPU.ActiveCfg = Release|Any CPU
		{7B4FC3B0-4FC0-4F98-8304-611B59DB79AD}.Release|Any CPU.Build.0 = Release|Any CPU
		{7B4FC3B0-4FC0-4F98-8304-611B59DB79AD}.Release|x64.ActiveCfg = Release|Any CPU
		{7B4FC3B0-4FC0-4F98-8304-611B59DB79AD}.Release|x64.Build.0 = Release|Any CPU
		{7B4FC3B0-4FC0-4F98-8304-611B59DB79AD}.Release|x86.ActiveCfg = Release|Any CPU
		{7B4FC3B0-4FC0-4F98-8304-611B59DB79AD}.Release|x86.Build.0 = Release|Any CPU
		{F20A8495-BE3D-4D11-B4B8-52A59F5322C0}.Debug|Any CPU.ActiveCfg = Debug|Any CPU
		{F20A8495-BE3D-4D11-B4B8-52A59F5322C0}.Debug|Any CPU.Build.0 = Debug|Any CPU
		{F20A8495-BE3D-4D11-B4B8-52A59F5322C0}.Debug|x64.ActiveCfg = Debug|Any CPU
		{F20A8495-BE3D-4D11-B4B8-52A59F5322C0}.Debug|x64.Build.0 = Debug|Any CPU
		{F20A8495-BE3D-4D11-B4B8-52A59F5322C0}.Debug|x86.ActiveCfg = Debug|Any CPU
		{F20A8495-BE3D-4D11-B4B8-52A59F5322C0}.Debug|x86.Build.0 = Debug|Any CPU
		{F20A8495-BE3D-4D11-B4B8-52A59F5322C0}.Release|Any CPU.ActiveCfg = Release|Any CPU
		{F20A8495-BE3D-4D11-B4B8-52A59F5322C0}.Release|Any CPU.Build.0 = Release|Any CPU
		{F20A8495-BE3D-4D11-B4B8-52A59F5322C0}.Release|x64.ActiveCfg = Release|Any CPU
		{F20A8495-BE3D-4D11-B4B8-52A59F5322C0}.Release|x64.Build.0 = Release|Any CPU
		{F20A8495-BE3D-4D11-B4B8-52A59F5322C0}.Release|x86.ActiveCfg = Release|Any CPU
		{F20A8495-BE3D-4D11-B4B8-52A59F5322C0}.Release|x86.Build.0 = Release|Any CPU
	EndGlobalSection
	GlobalSection(SolutionProperties) = preSolution
		HideSolutionNode = FALSE
	EndGlobalSection
	GlobalSection(NestedProjects) = preSolution
		{29671700-63FE-470F-BC2B-097777E014C1} = {827E0CD3-B72D-47B6-A68D-7590B98EB39B}
		{09C6B81E-4EE9-471A-9AD8-33400DD1861C} = {827E0CD3-B72D-47B6-A68D-7590B98EB39B}
		{A3689E92-7A54-4F97-B4C8-853AAF38B2CA} = {827E0CD3-B72D-47B6-A68D-7590B98EB39B}
		{C324DE97-955E-499B-BD23-E70388A28AE7} = {827E0CD3-B72D-47B6-A68D-7590B98EB39B}
		{7B4FC3B0-4FC0-4F98-8304-611B59DB79AD} = {827E0CD3-B72D-47B6-A68D-7590B98EB39B}
		{F20A8495-BE3D-4D11-B4B8-52A59F5322C0} = {827E0CD3-B72D-47B6-A68D-7590B98EB39B}
	EndGlobalSection
EndGlobal
